
Microsoft Visual Studio Solution File, Format Version 12.00
# Visual Studio Version 16
VisualStudioVersion = 16.0.30717.126
MinimumVisualStudioVersion = 10.0.40219.1
Project("{FAE04EC0-301F-11D3-BF4B-00C04F79EFBC}") = "PathfindersCompendium", "PathfindersCompendium\PathfindersCompendium.csproj", "{B68C86B5-D52A-4FAE-847A-EED47A1E6EE5}"
EndProject
Global
	GlobalSection(SolutionConfigurationPlatforms) = preSolution
		Debug|Any CPU = Debug|Any CPU
		Release|Any CPU = Release|Any CPU
	EndGlobalSection
	GlobalSection(ProjectConfigurationPlatforms) = postSolution
		{B68C86B5-D52A-4FAE-847A-EED47A1E6EE5}.Debug|Any CPU.ActiveCfg = Debug|Any CPU
		{B68C86B5-D52A-4FAE-847A-EED47A1E6EE5}.Debug|Any CPU.Build.0 = Debug|Any CPU
		{B68C86B5-D52A-4FAE-847A-EED47A1E6EE5}.Release|Any CPU.ActiveCfg = Release|Any CPU
		{B68C86B5-D52A-4FAE-847A-EED47A1E6EE5}.Release|Any CPU.Build.0 = Release|Any CPU
	EndGlobalSection
	GlobalSection(SolutionProperties) = preSolution
		HideSolutionNode = FALSE
	EndGlobalSection
	GlobalSection(ExtensibilityGlobals) = postSolution
		SolutionGuid = {D511E60E-6F54-4C64-881C-F77E7B2BE852}
	EndGlobalSection
EndGlobal
